
Microsoft Visual Studio Solution File, Format Version 12.00
# Visual Studio Version 17
VisualStudioVersion = 17.3.32819.101
MinimumVisualStudioVersion = 10.0.40219.1
Project("{FAE04EC0-301F-11D3-BF4B-00C04F79EFBC}") = "ThyUpdateAllCvForEncryption", "ThyUpdateAllCvForEncryption\ThyUpdateAllCvForEncryption.csproj", "{87471782-01D9-44D3-BC66-2236D6E6BB1D}"
EndProject
Global
	GlobalSection(SolutionConfigurationPlatforms) = preSolution
		Debug|Any CPU = Debug|Any CPU
		Release|Any CPU = Release|Any CPU
	EndGlobalSection
	GlobalSection(ProjectConfigurationPlatforms) = postSolution
		{87471782-01D9-44D3-BC66-2236D6E6BB1D}.Debug|Any CPU.ActiveCfg = Debug|Any CPU
		{87471782-01D9-44D3-BC66-2236D6E6BB1D}.Debug|Any CPU.Build.0 = Debug|Any CPU
		{87471782-01D9-44D3-BC66-2236D6E6BB1D}.Release|Any CPU.ActiveCfg = Release|Any CPU
		{87471782-01D9-44D3-BC66-2236D6E6BB1D}.Release|Any CPU.Build.0 = Release|Any CPU
	EndGlobalSection
	GlobalSection(SolutionProperties) = preSolution
		HideSolutionNode = FALSE
	EndGlobalSection
	GlobalSection(ExtensibilityGlobals) = postSolution
		SolutionGuid = {5A352EF4-41D4-4F26-8E78-CFA4FE7FD950}
	EndGlobalSection
EndGlobal
